
Microsoft Visual Studio Solution File, Format Version 12.00
# Visual Studio Version 17
VisualStudioVersion = 17.5.33424.131
MinimumVisualStudioVersion = 10.0.40219.1
Project("{FAE04EC0-301F-11D3-BF4B-00C04F79EFBC}") = "eUseControl.Web", "eUseControl\eUseControl.Web.csproj", "{394C89D0-673F-4E57-BEAA-BE08BF2FBC44}"
EndProject
Project("{9A19103F-16F7-4668-BE54-9A1E7A4F7556}") = "eUseControl.BusinessLogic", "eUseControl.BusinessLogic\eUseControl.BusinessLogic.csproj", "{EC5E4FF5-F82F-4ACA-BAFA-4D92064E9B26}"
EndProject
Project("{9A19103F-16F7-4668-BE54-9A1E7A4F7556}") = "eUseControl.Domain", "eUseControl.Domain\eUseControl.Domain.csproj", "{6F8D9F84-358E-46A5-977D-2D8BCCD7A82B}"
EndProject
Project("{9A19103F-16F7-4668-BE54-9A1E7A4F7556}") = "eUseControl.Helpers", "eUseControl.Helpers\eUseControl.Helpers.csproj", "{73537A7E-8AFD-45D7-B0CE-CCB0BB90F90E}"
EndProject
Global
	GlobalSection(SolutionConfigurationPlatforms) = preSolution
		Debug|Any CPU = Debug|Any CPU
		Release|Any CPU = Release|Any CPU
	EndGlobalSection
	GlobalSection(ProjectConfigurationPlatforms) = postSolution
		{394C89D0-673F-4E57-BEAA-BE08BF2FBC44}.Debug|Any CPU.ActiveCfg = Debug|Any CPU
		{394C89D0-673F-4E57-BEAA-BE08BF2FBC44}.Debug|Any CPU.Build.0 = Debug|Any CPU
		{394C89D0-673F-4E57-BEAA-BE08BF2FBC44}.Release|Any CPU.ActiveCfg = Release|Any CPU
		{394C89D0-673F-4E57-BEAA-BE08BF2FBC44}.Release|Any CPU.Build.0 = Release|Any CPU
		{EC5E4FF5-F82F-4ACA-BAFA-4D92064E9B26}.Debug|Any CPU.ActiveCfg = Debug|Any CPU
		{EC5E4FF5-F82F-4ACA-BAFA-4D92064E9B26}.Debug|Any CPU.Build.0 = Debug|Any CPU
		{EC5E4FF5-F82F-4ACA-BAFA-4D92064E9B26}.Release|Any CPU.ActiveCfg = Release|Any CPU
		{EC5E4FF5-F82F-4ACA-BAFA-4D92064E9B26}.Release|Any CPU.Build.0 = Release|Any CPU
		{6F8D9F84-358E-46A5-977D-2D8BCCD7A82B}.Debug|Any CPU.ActiveCfg = Debug|Any CPU
		{6F8D9F84-358E-46A5-977D-2D8BCCD7A82B}.Debug|Any CPU.Build.0 = Debug|Any CPU
		{6F8D9F84-358E-46A5-977D-2D8BCCD7A82B}.Release|Any CPU.ActiveCfg = Release|Any CPU
		{6F8D9F84-358E-46A5-977D-2D8BCCD7A82B}.Release|Any CPU.Build.0 = Release|Any CPU
		{73537A7E-8AFD-45D7-B0CE-CCB0BB90F90E}.Debug|Any CPU.ActiveCfg = Debug|Any CPU
		{73537A7E-8AFD-45D7-B0CE-CCB0BB90F90E}.Debug|Any CPU.Build.0 = Debug|Any CPU
		{73537A7E-8AFD-45D7-B0CE-CCB0BB90F90E}.Release|Any CPU.ActiveCfg = Release|Any CPU
		{73537A7E-8AFD-45D7-B0CE-CCB0BB90F90E}.Release|Any CPU.Build.0 = Release|Any CPU
	EndGlobalSection
	GlobalSection(SolutionProperties) = preSolution
		HideSolutionNode = FALSE
	EndGlobalSection
	GlobalSection(ExtensibilityGlobals) = postSolution
		SolutionGuid = {A171451B-B143-42D6-BB36-2DE67A274A21}
	EndGlobalSection
EndGlobal
